
Microsoft Visual Studio Solution File, Format Version 12.00
# Visual Studio Version 17
VisualStudioVersion = 17.9.34728.123
MinimumVisualStudioVersion = 10.0.40219.1
Project("{FAE04EC0-301F-11D3-BF4B-00C04F79EFBC}") = "NguyenHoTruongTam_1150080156_Lap3_TH1", "NguyenHoTruongTam_1150080156_Lap3_TH1\NguyenHoTruongTam_1150080156_Lap3_TH1.csproj", "{D1EF942D-C35C-4CE4-9C12-89B91BF6F9FD}"
EndProject
Global
	GlobalSection(SolutionConfigurationPlatforms) = preSolution
		Debug|Any CPU = Debug|Any CPU
		Release|Any CPU = Release|Any CPU
	EndGlobalSection
	GlobalSection(ProjectConfigurationPlatforms) = postSolution
		{D1EF942D-C35C-4CE4-9C12-89B91BF6F9FD}.Debug|Any CPU.ActiveCfg = Debug|Any CPU
		{D1EF942D-C35C-4CE4-9C12-89B91BF6F9FD}.Debug|Any CPU.Build.0 = Debug|Any CPU
		{D1EF942D-C35C-4CE4-9C12-89B91BF6F9FD}.Release|Any CPU.ActiveCfg = Release|Any CPU
		{D1EF942D-C35C-4CE4-9C12-89B91BF6F9FD}.Release|Any CPU.Build.0 = Release|Any CPU
	EndGlobalSection
	GlobalSection(SolutionProperties) = preSolution
		HideSolutionNode = FALSE
	EndGlobalSection
	GlobalSection(ExtensibilityGlobals) = postSolution
		SolutionGuid = {67245EC8-2CCB-4891-AAD0-FC6DEDE2CD64}
	EndGlobalSection
EndGlobal
