
Microsoft Visual Studio Solution File, Format Version 12.00
# Visual Studio Version 17
VisualStudioVersion = 17.9.34728.123
MinimumVisualStudioVersion = 10.0.40219.1
Project("{FAE04EC0-301F-11D3-BF4B-00C04F79EFBC}") = "NguyenHoTruongTam_1150080156_Lap4_TH1", "NguyenHoTruongTam_1150080156_Lap4_TH1\NguyenHoTruongTam_1150080156_Lap4_TH1.csproj", "{3D4C3184-5C5C-42D6-BAEA-62C4D6B1C3C3}"
EndProject
Global
	GlobalSection(SolutionConfigurationPlatforms) = preSolution
		Debug|Any CPU = Debug|Any CPU
		Release|Any CPU = Release|Any CPU
	EndGlobalSection
	GlobalSection(ProjectConfigurationPlatforms) = postSolution
		{3D4C3184-5C5C-42D6-BAEA-62C4D6B1C3C3}.Debug|Any CPU.ActiveCfg = Debug|Any CPU
		{3D4C3184-5C5C-42D6-BAEA-62C4D6B1C3C3}.Debug|Any CPU.Build.0 = Debug|Any CPU
		{3D4C3184-5C5C-42D6-BAEA-62C4D6B1C3C3}.Release|Any CPU.ActiveCfg = Release|Any CPU
		{3D4C3184-5C5C-42D6-BAEA-62C4D6B1C3C3}.Release|Any CPU.Build.0 = Release|Any CPU
	EndGlobalSection
	GlobalSection(SolutionProperties) = preSolution
		HideSolutionNode = FALSE
	EndGlobalSection
	GlobalSection(ExtensibilityGlobals) = postSolution
		SolutionGuid = {F4C1A1F3-FC94-4BD3-9679-D021526C4216}
	EndGlobalSection
EndGlobal
