
Microsoft Visual Studio Solution File, Format Version 12.00
# Visual Studio Version 17
VisualStudioVersion = 17.9.34728.123
MinimumVisualStudioVersion = 10.0.40219.1
Project("{FAE04EC0-301F-11D3-BF4B-00C04F79EFBC}") = "NguyenHoTruongTam_1150080156_BTtuan7", "NguyenHoTruongTam_1150080156_BTtuan7\NguyenHoTruongTam_1150080156_BTtuan7.csproj", "{C5DA87F6-8FDB-4072-A120-CBFC45E5031C}"
EndProject
Global
	GlobalSection(SolutionConfigurationPlatforms) = preSolution
		Debug|Any CPU = Debug|Any CPU
		Release|Any CPU = Release|Any CPU
	EndGlobalSection
	GlobalSection(ProjectConfigurationPlatforms) = postSolution
		{C5DA87F6-8FDB-4072-A120-CBFC45E5031C}.Debug|Any CPU.ActiveCfg = Debug|Any CPU
		{C5DA87F6-8FDB-4072-A120-CBFC45E5031C}.Debug|Any CPU.Build.0 = Debug|Any CPU
		{C5DA87F6-8FDB-4072-A120-CBFC45E5031C}.Release|Any CPU.ActiveCfg = Release|Any CPU
		{C5DA87F6-8FDB-4072-A120-CBFC45E5031C}.Release|Any CPU.Build.0 = Release|Any CPU
	EndGlobalSection
	GlobalSection(SolutionProperties) = preSolution
		HideSolutionNode = FALSE
	EndGlobalSection
	GlobalSection(ExtensibilityGlobals) = postSolution
		SolutionGuid = {23AA7678-F051-4D60-859D-32E001B33407}
	EndGlobalSection
EndGlobal
