
Microsoft Visual Studio Solution File, Format Version 12.00
# Visual Studio Version 17
VisualStudioVersion = 17.9.34728.123
MinimumVisualStudioVersion = 10.0.40219.1
Project("{FAE04EC0-301F-11D3-BF4B-00C04F79EFBC}") = "BT11_nguyenhotruongtam_1150080156", "BT11_nguyenhotruongtam_1150080156\BT11_nguyenhotruongtam_1150080156.csproj", "{62693CE9-EF91-482A-BAC4-5CB0AB2B2885}"
EndProject
Global
	GlobalSection(SolutionConfigurationPlatforms) = preSolution
		Debug|Any CPU = Debug|Any CPU
		Release|Any CPU = Release|Any CPU
	EndGlobalSection
	GlobalSection(ProjectConfigurationPlatforms) = postSolution
		{62693CE9-EF91-482A-BAC4-5CB0AB2B2885}.Debug|Any CPU.ActiveCfg = Debug|Any CPU
		{62693CE9-EF91-482A-BAC4-5CB0AB2B2885}.Debug|Any CPU.Build.0 = Debug|Any CPU
		{62693CE9-EF91-482A-BAC4-5CB0AB2B2885}.Release|Any CPU.ActiveCfg = Release|Any CPU
		{62693CE9-EF91-482A-BAC4-5CB0AB2B2885}.Release|Any CPU.Build.0 = Release|Any CPU
	EndGlobalSection
	GlobalSection(SolutionProperties) = preSolution
		HideSolutionNode = FALSE
	EndGlobalSection
	GlobalSection(ExtensibilityGlobals) = postSolution
		SolutionGuid = {CE0C681A-0F47-42AB-AFA6-16A091966ADC}
	EndGlobalSection
EndGlobal
