
Microsoft Visual Studio Solution File, Format Version 12.00
# Visual Studio Version 17
VisualStudioVersion = 17.9.34728.123
MinimumVisualStudioVersion = 10.0.40219.1
Project("{FAE04EC0-301F-11D3-BF4B-00C04F79EFBC}") = "NguyenHoTruongTam_1150080156_Lap4_TH2.2", "NguyenHoTruongTam_1150080156_Lap4_TH2.2\NguyenHoTruongTam_1150080156_Lap4_TH2.2.csproj", "{BD993816-8714-431F-B6E9-51A20415880D}"
EndProject
Global
	GlobalSection(SolutionConfigurationPlatforms) = preSolution
		Debug|Any CPU = Debug|Any CPU
		Release|Any CPU = Release|Any CPU
	EndGlobalSection
	GlobalSection(ProjectConfigurationPlatforms) = postSolution
		{BD993816-8714-431F-B6E9-51A20415880D}.Debug|Any CPU.ActiveCfg = Debug|Any CPU
		{BD993816-8714-431F-B6E9-51A20415880D}.Debug|Any CPU.Build.0 = Debug|Any CPU
		{BD993816-8714-431F-B6E9-51A20415880D}.Release|Any CPU.ActiveCfg = Release|Any CPU
		{BD993816-8714-431F-B6E9-51A20415880D}.Release|Any CPU.Build.0 = Release|Any CPU
	EndGlobalSection
	GlobalSection(SolutionProperties) = preSolution
		HideSolutionNode = FALSE
	EndGlobalSection
	GlobalSection(ExtensibilityGlobals) = postSolution
		SolutionGuid = {CE021EDA-AD87-4DB1-98B5-C923B258EE22}
	EndGlobalSection
EndGlobal
