
Microsoft Visual Studio Solution File, Format Version 12.00
# Visual Studio Version 17
VisualStudioVersion = 17.9.34728.123
MinimumVisualStudioVersion = 10.0.40219.1
Project("{FAE04EC0-301F-11D3-BF4B-00C04F79EFBC}") = "NguyenHoTruongTam_1150080156_Lap4_TH2.AD", "NguyenHoTruongTam_1150080156_Lap4_TH2.AD\NguyenHoTruongTam_1150080156_Lap4_TH2.AD.csproj", "{00EE3336-4E63-45C9-9E02-0C165E02520F}"
EndProject
Global
	GlobalSection(SolutionConfigurationPlatforms) = preSolution
		Debug|Any CPU = Debug|Any CPU
		Release|Any CPU = Release|Any CPU
	EndGlobalSection
	GlobalSection(ProjectConfigurationPlatforms) = postSolution
		{00EE3336-4E63-45C9-9E02-0C165E02520F}.Debug|Any CPU.ActiveCfg = Debug|Any CPU
		{00EE3336-4E63-45C9-9E02-0C165E02520F}.Debug|Any CPU.Build.0 = Debug|Any CPU
		{00EE3336-4E63-45C9-9E02-0C165E02520F}.Release|Any CPU.ActiveCfg = Release|Any CPU
		{00EE3336-4E63-45C9-9E02-0C165E02520F}.Release|Any CPU.Build.0 = Release|Any CPU
	EndGlobalSection
	GlobalSection(SolutionProperties) = preSolution
		HideSolutionNode = FALSE
	EndGlobalSection
	GlobalSection(ExtensibilityGlobals) = postSolution
		SolutionGuid = {BD0B2B10-2546-4CCA-9AB0-39E3719B14FD}
	EndGlobalSection
EndGlobal
