
Microsoft Visual Studio Solution File, Format Version 12.00
# Visual Studio Version 17
VisualStudioVersion = 17.9.34728.123
MinimumVisualStudioVersion = 10.0.40219.1
Project("{FAE04EC0-301F-11D3-BF4B-00C04F79EFBC}") = "BT6_nguyenhotruongtam_1150080156", "BT6_nguyenhotruongtam_1150080156\BT6_nguyenhotruongtam_1150080156.csproj", "{99716A1F-E64F-409D-9842-B4DC511457A5}"
EndProject
Global
	GlobalSection(SolutionConfigurationPlatforms) = preSolution
		Debug|Any CPU = Debug|Any CPU
		Release|Any CPU = Release|Any CPU
	EndGlobalSection
	GlobalSection(ProjectConfigurationPlatforms) = postSolution
		{99716A1F-E64F-409D-9842-B4DC511457A5}.Debug|Any CPU.ActiveCfg = Debug|Any CPU
		{99716A1F-E64F-409D-9842-B4DC511457A5}.Debug|Any CPU.Build.0 = Debug|Any CPU
		{99716A1F-E64F-409D-9842-B4DC511457A5}.Release|Any CPU.ActiveCfg = Release|Any CPU
		{99716A1F-E64F-409D-9842-B4DC511457A5}.Release|Any CPU.Build.0 = Release|Any CPU
	EndGlobalSection
	GlobalSection(SolutionProperties) = preSolution
		HideSolutionNode = FALSE
	EndGlobalSection
	GlobalSection(ExtensibilityGlobals) = postSolution
		SolutionGuid = {D3F6E694-4BE3-4A89-94B9-B98EDBE87D44}
	EndGlobalSection
EndGlobal
