
Microsoft Visual Studio Solution File, Format Version 12.00
# Visual Studio Version 17
VisualStudioVersion = 17.9.34728.123
MinimumVisualStudioVersion = 10.0.40219.1
Project("{FAE04EC0-301F-11D3-BF4B-00C04F79EFBC}") = "NguyenHoTruongTam_1150080156_Lap4_TH2.4", "NguyenHoTruongTam_1150080156_Lap4_TH2.4\NguyenHoTruongTam_1150080156_Lap4_TH2.4.csproj", "{10317780-E874-43FA-B67F-0FBA94619AD1}"
EndProject
Global
	GlobalSection(SolutionConfigurationPlatforms) = preSolution
		Debug|Any CPU = Debug|Any CPU
		Release|Any CPU = Release|Any CPU
	EndGlobalSection
	GlobalSection(ProjectConfigurationPlatforms) = postSolution
		{10317780-E874-43FA-B67F-0FBA94619AD1}.Debug|Any CPU.ActiveCfg = Debug|Any CPU
		{10317780-E874-43FA-B67F-0FBA94619AD1}.Debug|Any CPU.Build.0 = Debug|Any CPU
		{10317780-E874-43FA-B67F-0FBA94619AD1}.Release|Any CPU.ActiveCfg = Release|Any CPU
		{10317780-E874-43FA-B67F-0FBA94619AD1}.Release|Any CPU.Build.0 = Release|Any CPU
	EndGlobalSection
	GlobalSection(SolutionProperties) = preSolution
		HideSolutionNode = FALSE
	EndGlobalSection
	GlobalSection(ExtensibilityGlobals) = postSolution
		SolutionGuid = {77EB078B-AA04-4D4F-9D84-92CC14629EF7}
	EndGlobalSection
EndGlobal
