
Microsoft Visual Studio Solution File, Format Version 12.00
# Visual Studio Version 17
VisualStudioVersion = 17.9.34728.123
MinimumVisualStudioVersion = 10.0.40219.1
Project("{FAE04EC0-301F-11D3-BF4B-00C04F79EFBC}") = "Lap2_BT3_nguyenhotruongtam_1150080156", "Lap2_BT3_nguyenhotruongtam_1150080156\Lap2_BT3_nguyenhotruongtam_1150080156.csproj", "{DBEF5771-F1F6-4C74-85CE-FA84C74DD1F7}"
EndProject
Global
	GlobalSection(SolutionConfigurationPlatforms) = preSolution
		Debug|Any CPU = Debug|Any CPU
		Release|Any CPU = Release|Any CPU
	EndGlobalSection
	GlobalSection(ProjectConfigurationPlatforms) = postSolution
		{DBEF5771-F1F6-4C74-85CE-FA84C74DD1F7}.Debug|Any CPU.ActiveCfg = Debug|Any CPU
		{DBEF5771-F1F6-4C74-85CE-FA84C74DD1F7}.Debug|Any CPU.Build.0 = Debug|Any CPU
		{DBEF5771-F1F6-4C74-85CE-FA84C74DD1F7}.Release|Any CPU.ActiveCfg = Release|Any CPU
		{DBEF5771-F1F6-4C74-85CE-FA84C74DD1F7}.Release|Any CPU.Build.0 = Release|Any CPU
	EndGlobalSection
	GlobalSection(SolutionProperties) = preSolution
		HideSolutionNode = FALSE
	EndGlobalSection
	GlobalSection(ExtensibilityGlobals) = postSolution
		SolutionGuid = {FC2041E8-A881-4480-A6B0-357F89973EC6}
	EndGlobalSection
EndGlobal
